
Microsoft Visual Studio Solution File, Format Version 12.00
# Visual Studio Version 17
VisualStudioVersion = 17.8.34330.188
MinimumVisualStudioVersion = 10.0.40219.1
Project("{9A19103F-16F7-4668-BE54-9A1E7A4F7556}") = "hw2", "hw2\hw2.csproj", "{18AF1C23-28DC-46A1-99C7-CB2FCC2E6046}"
EndProject
Project("{FAE04EC0-301F-11D3-BF4B-00C04F79EFBC}") = "Hw5", "Hw5\Hw5.csproj", "{8605BAE8-8276-45AF-8931-C9CC1DB55DDF}"
EndProject
Global
	GlobalSection(SolutionConfigurationPlatforms) = preSolution
		Debug|Any CPU = Debug|Any CPU
		Release|Any CPU = Release|Any CPU
	EndGlobalSection
	GlobalSection(ProjectConfigurationPlatforms) = postSolution
		{18AF1C23-28DC-46A1-99C7-CB2FCC2E6046}.Debug|Any CPU.ActiveCfg = Debug|Any CPU
		{18AF1C23-28DC-46A1-99C7-CB2FCC2E6046}.Debug|Any CPU.Build.0 = Debug|Any CPU
		{18AF1C23-28DC-46A1-99C7-CB2FCC2E6046}.Release|Any CPU.ActiveCfg = Release|Any CPU
		{18AF1C23-28DC-46A1-99C7-CB2FCC2E6046}.Release|Any CPU.Build.0 = Release|Any CPU
		{8605BAE8-8276-45AF-8931-C9CC1DB55DDF}.Debug|Any CPU.ActiveCfg = Debug|Any CPU
		{8605BAE8-8276-45AF-8931-C9CC1DB55DDF}.Debug|Any CPU.Build.0 = Debug|Any CPU
		{8605BAE8-8276-45AF-8931-C9CC1DB55DDF}.Release|Any CPU.ActiveCfg = Release|Any CPU
		{8605BAE8-8276-45AF-8931-C9CC1DB55DDF}.Release|Any CPU.Build.0 = Release|Any CPU
	EndGlobalSection
	GlobalSection(SolutionProperties) = preSolution
		HideSolutionNode = FALSE
	EndGlobalSection
	GlobalSection(ExtensibilityGlobals) = postSolution
		SolutionGuid = {5690A4FA-8B5C-4981-9D6D-C0979DC2C6F5}
	EndGlobalSection
EndGlobal
